// !$*UTF8*$!
{
	archiveVersion = 1;
	classes = {
	};
	objectVersion = 56;
	objects = {

/* Begin PBXBuildFile section */
		0D7862882C16A3ED000E7117 /* Localizable.strings in Resources */ = {isa = PBXBuildFile; fileRef = 0D7862872C16A3ED000E7117 /* Localizable.strings */; };
		0D99FDD42C14B98A00B22F4B /* MELIAppData in Frameworks */ = {isa = PBXBuildFile; productRef = 0D99FDD32C14B98A00B22F4B /* MELIAppData */; };
		0D99FDD62C14B98E00B22F4B /* MELIAppDomain in Frameworks */ = {isa = PBXBuildFile; productRef = 0D99FDD52C14B98E00B22F4B /* MELIAppDomain */; };
		0D99FDDD2C153E2F00B22F4B /* ProductListInteractor.swift in Sources */ = {isa = PBXBuildFile; fileRef = 0D99FDDC2C153E2F00B22F4B /* ProductListInteractor.swift */; };
		0D99FDE02C153E5500B22F4B /* ProductListProtocols.swift in Sources */ = {isa = PBXBuildFile; fileRef = 0D99FDDF2C153E5500B22F4B /* ProductListProtocols.swift */; };
		0D99FDE22C1542C300B22F4B /* ProductListPresenter.swift in Sources */ = {isa = PBXBuildFile; fileRef = 0D99FDE12C1542C300B22F4B /* ProductListPresenter.swift */; };
		0D99FDE42C15482900B22F4B /* ProductListRouter.swift in Sources */ = {isa = PBXBuildFile; fileRef = 0D99FDE32C15482900B22F4B /* ProductListRouter.swift */; };
		0D99FDE92C1552D400B22F4B /* ProductDetailProtocols.swift in Sources */ = {isa = PBXBuildFile; fileRef = 0D99FDE82C1552D400B22F4B /* ProductDetailProtocols.swift */; };
		0D99FDEB2C156F4500B22F4B /* UIImageView+Extension.swift in Sources */ = {isa = PBXBuildFile; fileRef = 0D99FDEA2C156F4500B22F4B /* UIImageView+Extension.swift */; };
		0D99FDEE2C15E84900B22F4B /* EmptyStateView.swift in Sources */ = {isa = PBXBuildFile; fileRef = 0D99FDED2C15E84900B22F4B /* EmptyStateView.swift */; };
		0D99FDF02C15E90E00B22F4B /* UITableView+Extension.swift in Sources */ = {isa = PBXBuildFile; fileRef = 0D99FDEF2C15E90E00B22F4B /* UITableView+Extension.swift */; };
		0D99FDF22C15FB0A00B22F4B /* String+Extensions.swift in Sources */ = {isa = PBXBuildFile; fileRef = 0D99FDF12C15FB0A00B22F4B /* String+Extensions.swift */; };
		0D99FDF42C15FD6600B22F4B /* Double+Extensions.swift in Sources */ = {isa = PBXBuildFile; fileRef = 0D99FDF32C15FD6600B22F4B /* Double+Extensions.swift */; };
		0D99FDF62C15FE1400B22F4B /* ProductDetailPresenter.swift in Sources */ = {isa = PBXBuildFile; fileRef = 0D99FDF52C15FE1400B22F4B /* ProductDetailPresenter.swift */; };
		0D99FDF82C15FE2D00B22F4B /* ProductDetailRouter.swift in Sources */ = {isa = PBXBuildFile; fileRef = 0D99FDF72C15FE2D00B22F4B /* ProductDetailRouter.swift */; };
		0DAB83A32C133BAB004F0DEF /* AppDelegate.swift in Sources */ = {isa = PBXBuildFile; fileRef = 0DAB83A22C133BAB004F0DEF /* AppDelegate.swift */; };
		0DAB83A52C133BAB004F0DEF /* SceneDelegate.swift in Sources */ = {isa = PBXBuildFile; fileRef = 0DAB83A42C133BAB004F0DEF /* SceneDelegate.swift */; };
		0DAB83A72C133BAB004F0DEF /* ViewController.swift in Sources */ = {isa = PBXBuildFile; fileRef = 0DAB83A62C133BAB004F0DEF /* ViewController.swift */; };
		0DAB83AA2C133BAB004F0DEF /* Main.storyboard in Resources */ = {isa = PBXBuildFile; fileRef = 0DAB83A82C133BAB004F0DEF /* Main.storyboard */; };
		0DAB83AC2C133BAC004F0DEF /* Assets.xcassets in Resources */ = {isa = PBXBuildFile; fileRef = 0DAB83AB2C133BAC004F0DEF /* Assets.xcassets */; };
		0DAB83AF2C133BAC004F0DEF /* LaunchScreen.storyboard in Resources */ = {isa = PBXBuildFile; fileRef = 0DAB83AD2C133BAC004F0DEF /* LaunchScreen.storyboard */; };
		0DAB83C42C133BAD004F0DEF /* MELIAppUITests.swift in Sources */ = {isa = PBXBuildFile; fileRef = 0DAB83C32C133BAD004F0DEF /* MELIAppUITests.swift */; };
		0DAB83C62C133BAD004F0DEF /* MELIAppUITestsLaunchTests.swift in Sources */ = {isa = PBXBuildFile; fileRef = 0DAB83C52C133BAD004F0DEF /* MELIAppUITestsLaunchTests.swift */; };
		0DAB83DA2C134B62004F0DEF /* UIView+Extensions.swift in Sources */ = {isa = PBXBuildFile; fileRef = 0DAB83D92C134B62004F0DEF /* UIView+Extensions.swift */; };
		0DAB83E12C135845004F0DEF /* ProductListViewController.swift in Sources */ = {isa = PBXBuildFile; fileRef = 0DAB83E02C135845004F0DEF /* ProductListViewController.swift */; };
		0DAB83E32C135A0E004F0DEF /* UIColor+Extension.swift in Sources */ = {isa = PBXBuildFile; fileRef = 0DAB83E22C135A0E004F0DEF /* UIColor+Extension.swift */; };
		0DAB83E62C136EFC004F0DEF /* ProductListTableViewCell.swift in Sources */ = {isa = PBXBuildFile; fileRef = 0DAB83E52C136EFC004F0DEF /* ProductListTableViewCell.swift */; };
		0DAB83EA2C13862E004F0DEF /* ProductDetailViewController.swift in Sources */ = {isa = PBXBuildFile; fileRef = 0DAB83E92C13862E004F0DEF /* ProductDetailViewController.swift */; };
		0DAB83EE2C139CA2004F0DEF /* ProductDetailTableViewCell.swift in Sources */ = {isa = PBXBuildFile; fileRef = 0DAB83ED2C139CA2004F0DEF /* ProductDetailTableViewCell.swift */; };
		0DAB83F02C139CD3004F0DEF /* BulletPointTableViewCell.swift in Sources */ = {isa = PBXBuildFile; fileRef = 0DAB83EF2C139CD3004F0DEF /* BulletPointTableViewCell.swift */; };
		0DAB83F22C139CFC004F0DEF /* SectionHeaderView.swift in Sources */ = {isa = PBXBuildFile; fileRef = 0DAB83F12C139CFC004F0DEF /* SectionHeaderView.swift */; };
		0DD05E5A2C16A6C0002BFF51 /* LocalizableString.swift in Sources */ = {isa = PBXBuildFile; fileRef = 0DD05E592C16A6C0002BFF51 /* LocalizableString.swift */; };
		0DD05E5C2C16B269002BFF51 /* UINavigationController+extension.swift in Sources */ = {isa = PBXBuildFile; fileRef = 0DD05E5B2C16B269002BFF51 /* UINavigationController+extension.swift */; };
		0DD05E622C1745B7002BFF51 /* ProductListInteractorTests.swift in Sources */ = {isa = PBXBuildFile; fileRef = 0DD05E612C1745B7002BFF51 /* ProductListInteractorTests.swift */; };
		0DD05E662C175294002BFF51 /* SearchProductsRepositoryStub.swift in Sources */ = {isa = PBXBuildFile; fileRef = 0DD05E652C175294002BFF51 /* SearchProductsRepositoryStub.swift */; };
		0DD05E682C1752B6002BFF51 /* ProductListPresenterSpy.swift in Sources */ = {isa = PBXBuildFile; fileRef = 0DD05E672C1752B6002BFF51 /* ProductListPresenterSpy.swift */; };
		0DD05E6B2C1752FA002BFF51 /* ProductInformationDummy.swift in Sources */ = {isa = PBXBuildFile; fileRef = 0DD05E6A2C1752FA002BFF51 /* ProductInformationDummy.swift */; };
		0DD05E6D2C1753EE002BFF51 /* ProductListPresenterTests.swift in Sources */ = {isa = PBXBuildFile; fileRef = 0DD05E6C2C1753EE002BFF51 /* ProductListPresenterTests.swift */; };
		0DD05E6F2C175D80002BFF51 /* ProductListInteractorStub.swift in Sources */ = {isa = PBXBuildFile; fileRef = 0DD05E6E2C175D80002BFF51 /* ProductListInteractorStub.swift */; };
		0DD05E712C175DC2002BFF51 /* ProductListViewSpy.swift in Sources */ = {isa = PBXBuildFile; fileRef = 0DD05E702C175DC2002BFF51 /* ProductListViewSpy.swift */; };
		0DD05E732C175F6D002BFF51 /* ProductListRouterSpy.swift in Sources */ = {isa = PBXBuildFile; fileRef = 0DD05E722C175F6D002BFF51 /* ProductListRouterSpy.swift */; };
		0DD8A4BA2C17639200BC7F38 /* ProductListPresenterIntegrationTests.swift in Sources */ = {isa = PBXBuildFile; fileRef = 0DD8A4B92C17639200BC7F38 /* ProductListPresenterIntegrationTests.swift */; };
		0DD8A4BE2C1767CF00BC7F38 /* ProductDetailPresenterTests.swift in Sources */ = {isa = PBXBuildFile; fileRef = 0DD8A4BD2C1767CF00BC7F38 /* ProductDetailPresenterTests.swift */; };
		0DD8A4C12C176A1B00BC7F38 /* ProductDetailViewSpy.swift in Sources */ = {isa = PBXBuildFile; fileRef = 0DD8A4C02C176A1B00BC7F38 /* ProductDetailViewSpy.swift */; };
		0DD8A4CC2C17C8B000BC7F38 /* SelectCountryViewController.swift in Sources */ = {isa = PBXBuildFile; fileRef = 0DD8A4CB2C17C8B000BC7F38 /* SelectCountryViewController.swift */; };
		0DD8A4CE2C17CC3000BC7F38 /* SelectCountryInteractor.swift in Sources */ = {isa = PBXBuildFile; fileRef = 0DD8A4CD2C17CC3000BC7F38 /* SelectCountryInteractor.swift */; };
		0DD8A4D02C17CC7600BC7F38 /* SelectCountryProtocols.swift in Sources */ = {isa = PBXBuildFile; fileRef = 0DD8A4CF2C17CC7600BC7F38 /* SelectCountryProtocols.swift */; };
		0DD8A4D22C17CCB700BC7F38 /* SelectCountryPresenter.swift in Sources */ = {isa = PBXBuildFile; fileRef = 0DD8A4D12C17CCB700BC7F38 /* SelectCountryPresenter.swift */; };
		0DD8A4D42C17CF7700BC7F38 /* SelectCountryRouter.swift in Sources */ = {isa = PBXBuildFile; fileRef = 0DD8A4D32C17CF7700BC7F38 /* SelectCountryRouter.swift */; };
		0DD8A4DB2C17D85300BC7F38 /* SelectCountryInteractorTests.swift in Sources */ = {isa = PBXBuildFile; fileRef = 0DD8A4DA2C17D85300BC7F38 /* SelectCountryInteractorTests.swift */; };
		0DD8A4DD2C17DC7900BC7F38 /* CountryDummy.swift in Sources */ = {isa = PBXBuildFile; fileRef = 0DD8A4DC2C17DC7900BC7F38 /* CountryDummy.swift */; };
		0DD8A4DF2C17E06600BC7F38 /* CountryRepositoryStub.swift in Sources */ = {isa = PBXBuildFile; fileRef = 0DD8A4DE2C17E06600BC7F38 /* CountryRepositoryStub.swift */; };
		0DD8A4E22C17E09100BC7F38 /* SelectCountryPresenterSpy.swift in Sources */ = {isa = PBXBuildFile; fileRef = 0DD8A4E12C17E09100BC7F38 /* SelectCountryPresenterSpy.swift */; };
		0DD8A4E42C17E12200BC7F38 /* SelectCountryInteractorStubs.swift in Sources */ = {isa = PBXBuildFile; fileRef = 0DD8A4E32C17E12200BC7F38 /* SelectCountryInteractorStubs.swift */; };
		0DD8A4E62C17E64E00BC7F38 /* SelectCountryPresenterTests.swift in Sources */ = {isa = PBXBuildFile; fileRef = 0DD8A4E52C17E64E00BC7F38 /* SelectCountryPresenterTests.swift */; };
		0DD8A4E82C17E69000BC7F38 /* SelectCountryRouterSpy.swift in Sources */ = {isa = PBXBuildFile; fileRef = 0DD8A4E72C17E69000BC7F38 /* SelectCountryRouterSpy.swift */; };
		0DD8A4EA2C17E6C400BC7F38 /* SelectCountryViewSpy.swift in Sources */ = {isa = PBXBuildFile; fileRef = 0DD8A4E92C17E6C400BC7F38 /* SelectCountryViewSpy.swift */; };
		0DD8A4ED2C17FA7F00BC7F38 /* MELILocationManager.swift in Sources */ = {isa = PBXBuildFile; fileRef = 0DD8A4EC2C17FA7F00BC7F38 /* MELILocationManager.swift */; };
/* End PBXBuildFile section */

/* Begin PBXContainerItemProxy section */
		0DAB83B62C133BAD004F0DEF /* PBXContainerItemProxy */ = {
			isa = PBXContainerItemProxy;
			containerPortal = 0DAB83972C133BAB004F0DEF /* Project object */;
			proxyType = 1;
			remoteGlobalIDString = 0DAB839E2C133BAB004F0DEF;
			remoteInfo = MELIApp;
		};
		0DAB83C02C133BAD004F0DEF /* PBXContainerItemProxy */ = {
			isa = PBXContainerItemProxy;
			containerPortal = 0DAB83972C133BAB004F0DEF /* Project object */;
			proxyType = 1;
			remoteGlobalIDString = 0DAB839E2C133BAB004F0DEF;
			remoteInfo = MELIApp;
		};
/* End PBXContainerItemProxy section */

/* Begin PBXFileReference section */
		0D7862872C16A3ED000E7117 /* Localizable.strings */ = {isa = PBXFileReference; lastKnownFileType = text.plist.strings; path = Localizable.strings; sourceTree = "<group>"; };
		0D99FDD02C14B95600B22F4B /* MELIAppDomain */ = {isa = PBXFileReference; lastKnownFileType = wrapper; name = MELIAppDomain; path = ../MELIAppDomain; sourceTree = "<group>"; };
		0D99FDD12C14B96600B22F4B /* MELIAppData */ = {isa = PBXFileReference; lastKnownFileType = wrapper; name = MELIAppData; path = ../MELIAppData; sourceTree = "<group>"; };
		0D99FDDC2C153E2F00B22F4B /* ProductListInteractor.swift */ = {isa = PBXFileReference; lastKnownFileType = sourcecode.swift; path = ProductListInteractor.swift; sourceTree = "<group>"; };
		0D99FDDF2C153E5500B22F4B /* ProductListProtocols.swift */ = {isa = PBXFileReference; lastKnownFileType = sourcecode.swift; path = ProductListProtocols.swift; sourceTree = "<group>"; };
		0D99FDE12C1542C300B22F4B /* ProductListPresenter.swift */ = {isa = PBXFileReference; lastKnownFileType = sourcecode.swift; path = ProductListPresenter.swift; sourceTree = "<group>"; };
		0D99FDE32C15482900B22F4B /* ProductListRouter.swift */ = {isa = PBXFileReference; lastKnownFileType = sourcecode.swift; path = ProductListRouter.swift; sourceTree = "<group>"; };
		0D99FDE82C1552D400B22F4B /* ProductDetailProtocols.swift */ = {isa = PBXFileReference; lastKnownFileType = sourcecode.swift; path = ProductDetailProtocols.swift; sourceTree = "<group>"; };
		0D99FDEA2C156F4500B22F4B /* UIImageView+Extension.swift */ = {isa = PBXFileReference; lastKnownFileType = sourcecode.swift; path = "UIImageView+Extension.swift"; sourceTree = "<group>"; };
		0D99FDED2C15E84900B22F4B /* EmptyStateView.swift */ = {isa = PBXFileReference; lastKnownFileType = sourcecode.swift; path = EmptyStateView.swift; sourceTree = "<group>"; };
		0D99FDEF2C15E90E00B22F4B /* UITableView+Extension.swift */ = {isa = PBXFileReference; lastKnownFileType = sourcecode.swift; path = "UITableView+Extension.swift"; sourceTree = "<group>"; };
		0D99FDF12C15FB0A00B22F4B /* String+Extensions.swift */ = {isa = PBXFileReference; lastKnownFileType = sourcecode.swift; path = "String+Extensions.swift"; sourceTree = "<group>"; };
		0D99FDF32C15FD6600B22F4B /* Double+Extensions.swift */ = {isa = PBXFileReference; lastKnownFileType = sourcecode.swift; path = "Double+Extensions.swift"; sourceTree = "<group>"; };
		0D99FDF52C15FE1400B22F4B /* ProductDetailPresenter.swift */ = {isa = PBXFileReference; lastKnownFileType = sourcecode.swift; path = ProductDetailPresenter.swift; sourceTree = "<group>"; };
		0D99FDF72C15FE2D00B22F4B /* ProductDetailRouter.swift */ = {isa = PBXFileReference; lastKnownFileType = sourcecode.swift; path = ProductDetailRouter.swift; sourceTree = "<group>"; };
		0DAB839F2C133BAB004F0DEF /* MELIApp.app */ = {isa = PBXFileReference; explicitFileType = wrapper.application; includeInIndex = 0; path = MELIApp.app; sourceTree = BUILT_PRODUCTS_DIR; };
		0DAB83A22C133BAB004F0DEF /* AppDelegate.swift */ = {isa = PBXFileReference; lastKnownFileType = sourcecode.swift; path = AppDelegate.swift; sourceTree = "<group>"; };
		0DAB83A42C133BAB004F0DEF /* SceneDelegate.swift */ = {isa = PBXFileReference; lastKnownFileType = sourcecode.swift; path = SceneDelegate.swift; sourceTree = "<group>"; };
		0DAB83A62C133BAB004F0DEF /* ViewController.swift */ = {isa = PBXFileReference; lastKnownFileType = sourcecode.swift; path = ViewController.swift; sourceTree = "<group>"; };
		0DAB83A92C133BAB004F0DEF /* Base */ = {isa = PBXFileReference; lastKnownFileType = file.storyboard; name = Base; path = Base.lproj/Main.storyboard; sourceTree = "<group>"; };
		0DAB83AB2C133BAC004F0DEF /* Assets.xcassets */ = {isa = PBXFileReference; lastKnownFileType = folder.assetcatalog; path = Assets.xcassets; sourceTree = "<group>"; };
		0DAB83AE2C133BAC004F0DEF /* Base */ = {isa = PBXFileReference; lastKnownFileType = file.storyboard; name = Base; path = Base.lproj/LaunchScreen.storyboard; sourceTree = "<group>"; };
		0DAB83B02C133BAC004F0DEF /* Info.plist */ = {isa = PBXFileReference; lastKnownFileType = text.plist.xml; path = Info.plist; sourceTree = "<group>"; };
		0DAB83B52C133BAD004F0DEF /* MELIAppTests.xctest */ = {isa = PBXFileReference; explicitFileType = wrapper.cfbundle; includeInIndex = 0; path = MELIAppTests.xctest; sourceTree = BUILT_PRODUCTS_DIR; };
		0DAB83BF2C133BAD004F0DEF /* MELIAppUITests.xctest */ = {isa = PBXFileReference; explicitFileType = wrapper.cfbundle; includeInIndex = 0; path = MELIAppUITests.xctest; sourceTree = BUILT_PRODUCTS_DIR; };
		0DAB83C32C133BAD004F0DEF /* MELIAppUITests.swift */ = {isa = PBXFileReference; lastKnownFileType = sourcecode.swift; path = MELIAppUITests.swift; sourceTree = "<group>"; };
		0DAB83C52C133BAD004F0DEF /* MELIAppUITestsLaunchTests.swift */ = {isa = PBXFileReference; lastKnownFileType = sourcecode.swift; path = MELIAppUITestsLaunchTests.swift; sourceTree = "<group>"; };
		0DAB83D92C134B62004F0DEF /* UIView+Extensions.swift */ = {isa = PBXFileReference; lastKnownFileType = sourcecode.swift; path = "UIView+Extensions.swift"; sourceTree = "<group>"; };
		0DAB83E02C135845004F0DEF /* ProductListViewController.swift */ = {isa = PBXFileReference; lastKnownFileType = sourcecode.swift; path = ProductListViewController.swift; sourceTree = "<group>"; };
		0DAB83E22C135A0E004F0DEF /* UIColor+Extension.swift */ = {isa = PBXFileReference; lastKnownFileType = sourcecode.swift; path = "UIColor+Extension.swift"; sourceTree = "<group>"; };
		0DAB83E52C136EFC004F0DEF /* ProductListTableViewCell.swift */ = {isa = PBXFileReference; lastKnownFileType = sourcecode.swift; path = ProductListTableViewCell.swift; sourceTree = "<group>"; };
		0DAB83E92C13862E004F0DEF /* ProductDetailViewController.swift */ = {isa = PBXFileReference; lastKnownFileType = sourcecode.swift; path = ProductDetailViewController.swift; sourceTree = "<group>"; };
		0DAB83ED2C139CA2004F0DEF /* ProductDetailTableViewCell.swift */ = {isa = PBXFileReference; lastKnownFileType = sourcecode.swift; path = ProductDetailTableViewCell.swift; sourceTree = "<group>"; };
		0DAB83EF2C139CD3004F0DEF /* BulletPointTableViewCell.swift */ = {isa = PBXFileReference; lastKnownFileType = sourcecode.swift; path = BulletPointTableViewCell.swift; sourceTree = "<group>"; };
		0DAB83F12C139CFC004F0DEF /* SectionHeaderView.swift */ = {isa = PBXFileReference; lastKnownFileType = sourcecode.swift; path = SectionHeaderView.swift; sourceTree = "<group>"; };
		0DD05E592C16A6C0002BFF51 /* LocalizableString.swift */ = {isa = PBXFileReference; lastKnownFileType = sourcecode.swift; path = LocalizableString.swift; sourceTree = "<group>"; };
		0DD05E5B2C16B269002BFF51 /* UINavigationController+extension.swift */ = {isa = PBXFileReference; lastKnownFileType = sourcecode.swift; path = "UINavigationController+extension.swift"; sourceTree = "<group>"; };
		0DD05E612C1745B7002BFF51 /* ProductListInteractorTests.swift */ = {isa = PBXFileReference; lastKnownFileType = sourcecode.swift; path = ProductListInteractorTests.swift; sourceTree = "<group>"; };
		0DD05E652C175294002BFF51 /* SearchProductsRepositoryStub.swift */ = {isa = PBXFileReference; lastKnownFileType = sourcecode.swift; path = SearchProductsRepositoryStub.swift; sourceTree = "<group>"; };
		0DD05E672C1752B6002BFF51 /* ProductListPresenterSpy.swift */ = {isa = PBXFileReference; lastKnownFileType = sourcecode.swift; path = ProductListPresenterSpy.swift; sourceTree = "<group>"; };
		0DD05E6A2C1752FA002BFF51 /* ProductInformationDummy.swift */ = {isa = PBXFileReference; lastKnownFileType = sourcecode.swift; path = ProductInformationDummy.swift; sourceTree = "<group>"; };
		0DD05E6C2C1753EE002BFF51 /* ProductListPresenterTests.swift */ = {isa = PBXFileReference; lastKnownFileType = sourcecode.swift; path = ProductListPresenterTests.swift; sourceTree = "<group>"; };
		0DD05E6E2C175D80002BFF51 /* ProductListInteractorStub.swift */ = {isa = PBXFileReference; lastKnownFileType = sourcecode.swift; path = ProductListInteractorStub.swift; sourceTree = "<group>"; };
		0DD05E702C175DC2002BFF51 /* ProductListViewSpy.swift */ = {isa = PBXFileReference; lastKnownFileType = sourcecode.swift; path = ProductListViewSpy.swift; sourceTree = "<group>"; };
		0DD05E722C175F6D002BFF51 /* ProductListRouterSpy.swift */ = {isa = PBXFileReference; lastKnownFileType = sourcecode.swift; path = ProductListRouterSpy.swift; sourceTree = "<group>"; };
		0DD8A4B92C17639200BC7F38 /* ProductListPresenterIntegrationTests.swift */ = {isa = PBXFileReference; lastKnownFileType = sourcecode.swift; path = ProductListPresenterIntegrationTests.swift; sourceTree = "<group>"; };
		0DD8A4BD2C1767CF00BC7F38 /* ProductDetailPresenterTests.swift */ = {isa = PBXFileReference; lastKnownFileType = sourcecode.swift; path = ProductDetailPresenterTests.swift; sourceTree = "<group>"; };
		0DD8A4C02C176A1B00BC7F38 /* ProductDetailViewSpy.swift */ = {isa = PBXFileReference; lastKnownFileType = sourcecode.swift; path = ProductDetailViewSpy.swift; sourceTree = "<group>"; };
		0DD8A4C22C17746E00BC7F38 /* MELINetworking */ = {isa = PBXFileReference; lastKnownFileType = wrapper; name = MELINetworking; path = ../MELINetworking; sourceTree = "<group>"; };
		0DD8A4CB2C17C8B000BC7F38 /* SelectCountryViewController.swift */ = {isa = PBXFileReference; lastKnownFileType = sourcecode.swift; path = SelectCountryViewController.swift; sourceTree = "<group>"; };
		0DD8A4CD2C17CC3000BC7F38 /* SelectCountryInteractor.swift */ = {isa = PBXFileReference; lastKnownFileType = sourcecode.swift; path = SelectCountryInteractor.swift; sourceTree = "<group>"; };
		0DD8A4CF2C17CC7600BC7F38 /* SelectCountryProtocols.swift */ = {isa = PBXFileReference; lastKnownFileType = sourcecode.swift; path = SelectCountryProtocols.swift; sourceTree = "<group>"; };
		0DD8A4D12C17CCB700BC7F38 /* SelectCountryPresenter.swift */ = {isa = PBXFileReference; lastKnownFileType = sourcecode.swift; path = SelectCountryPresenter.swift; sourceTree = "<group>"; };
		0DD8A4D32C17CF7700BC7F38 /* SelectCountryRouter.swift */ = {isa = PBXFileReference; lastKnownFileType = sourcecode.swift; path = SelectCountryRouter.swift; sourceTree = "<group>"; };
		0DD8A4DA2C17D85300BC7F38 /* SelectCountryInteractorTests.swift */ = {isa = PBXFileReference; lastKnownFileType = sourcecode.swift; path = SelectCountryInteractorTests.swift; sourceTree = "<group>"; };
		0DD8A4DC2C17DC7900BC7F38 /* CountryDummy.swift */ = {isa = PBXFileReference; lastKnownFileType = sourcecode.swift; path = CountryDummy.swift; sourceTree = "<group>"; };
		0DD8A4DE2C17E06600BC7F38 /* CountryRepositoryStub.swift */ = {isa = PBXFileReference; lastKnownFileType = sourcecode.swift; path = CountryRepositoryStub.swift; sourceTree = "<group>"; };
		0DD8A4E12C17E09100BC7F38 /* SelectCountryPresenterSpy.swift */ = {isa = PBXFileReference; lastKnownFileType = sourcecode.swift; path = SelectCountryPresenterSpy.swift; sourceTree = "<group>"; };
		0DD8A4E32C17E12200BC7F38 /* SelectCountryInteractorStubs.swift */ = {isa = PBXFileReference; lastKnownFileType = sourcecode.swift; path = SelectCountryInteractorStubs.swift; sourceTree = "<group>"; };
		0DD8A4E52C17E64E00BC7F38 /* SelectCountryPresenterTests.swift */ = {isa = PBXFileReference; lastKnownFileType = sourcecode.swift; path = SelectCountryPresenterTests.swift; sourceTree = "<group>"; };
		0DD8A4E72C17E69000BC7F38 /* SelectCountryRouterSpy.swift */ = {isa = PBXFileReference; lastKnownFileType = sourcecode.swift; path = SelectCountryRouterSpy.swift; sourceTree = "<group>"; };
		0DD8A4E92C17E6C400BC7F38 /* SelectCountryViewSpy.swift */ = {isa = PBXFileReference; lastKnownFileType = sourcecode.swift; path = SelectCountryViewSpy.swift; sourceTree = "<group>"; };
		0DD8A4EC2C17FA7F00BC7F38 /* MELILocationManager.swift */ = {isa = PBXFileReference; lastKnownFileType = sourcecode.swift; path = MELILocationManager.swift; sourceTree = "<group>"; };
/* End PBXFileReference section */

/* Begin PBXFrameworksBuildPhase section */
		0DAB839C2C133BAB004F0DEF /* Frameworks */ = {
			isa = PBXFrameworksBuildPhase;
			buildActionMask = 2147483647;
			files = (
				0D99FDD42C14B98A00B22F4B /* MELIAppData in Frameworks */,
				0D99FDD62C14B98E00B22F4B /* MELIAppDomain in Frameworks */,
			);
			runOnlyForDeploymentPostprocessing = 0;
		};
		0DAB83B22C133BAD004F0DEF /* Frameworks */ = {
			isa = PBXFrameworksBuildPhase;
			buildActionMask = 2147483647;
			files = (
			);
			runOnlyForDeploymentPostprocessing = 0;
		};
		0DAB83BC2C133BAD004F0DEF /* Frameworks */ = {
			isa = PBXFrameworksBuildPhase;
			buildActionMask = 2147483647;
			files = (
			);
			runOnlyForDeploymentPostprocessing = 0;
		};
/* End PBXFrameworksBuildPhase section */

/* Begin PBXGroup section */
		0D7862862C16A3D6000E7117 /* Assets */ = {
			isa = PBXGroup;
			children = (
				0D7862872C16A3ED000E7117 /* Localizable.strings */,
				0DD05E592C16A6C0002BFF51 /* LocalizableString.swift */,
			);
			path = Assets;
			sourceTree = "<group>";
		};
		0D99FDCF2C14B95600B22F4B /* Packages */ = {
			isa = PBXGroup;
			children = (
				0D99FDD02C14B95600B22F4B /* MELIAppDomain */,
				0D99FDD12C14B96600B22F4B /* MELIAppData */,
				0DD8A4C22C17746E00BC7F38 /* MELINetworking */,
			);
			name = Packages;
			sourceTree = "<group>";
		};
		0D99FDD22C14B98A00B22F4B /* Frameworks */ = {
			isa = PBXGroup;
			children = (
			);
			name = Frameworks;
			sourceTree = "<group>";
		};
		0D99FDD92C153DB900B22F4B /* Router */ = {
			isa = PBXGroup;
			children = (
				0D99FDE32C15482900B22F4B /* ProductListRouter.swift */,
			);
			path = Router;
			sourceTree = "<group>";
		};
		0D99FDDA2C153DC500B22F4B /* Presenter */ = {
			isa = PBXGroup;
			children = (
				0D99FDE12C1542C300B22F4B /* ProductListPresenter.swift */,
			);
			path = Presenter;
			sourceTree = "<group>";
		};
		0D99FDDB2C153DE200B22F4B /* Interactor */ = {
			isa = PBXGroup;
			children = (
				0D99FDDC2C153E2F00B22F4B /* ProductListInteractor.swift */,
			);
			path = Interactor;
			sourceTree = "<group>";
		};
		0D99FDDE2C153E3C00B22F4B /* Protocols */ = {
			isa = PBXGroup;
			children = (
				0D99FDDF2C153E5500B22F4B /* ProductListProtocols.swift */,
			);
			path = Protocols;
			sourceTree = "<group>";
		};
		0D99FDE52C15518A00B22F4B /* Presenter */ = {
			isa = PBXGroup;
			children = (
				0D99FDF52C15FE1400B22F4B /* ProductDetailPresenter.swift */,
			);
			path = Presenter;
			sourceTree = "<group>";
		};
		0D99FDE72C1551B400B22F4B /* Protocols */ = {
			isa = PBXGroup;
			children = (
				0D99FDE82C1552D400B22F4B /* ProductDetailProtocols.swift */,
			);
			path = Protocols;
			sourceTree = "<group>";
		};
		0D99FDEC2C15E83600B22F4B /* EmptyState */ = {
			isa = PBXGroup;
			children = (
				0D99FDED2C15E84900B22F4B /* EmptyStateView.swift */,
			);
			path = EmptyState;
			sourceTree = "<group>";
		};
		0DAB83962C133BAB004F0DEF = {
			isa = PBXGroup;
			children = (
				0D99FDCF2C14B95600B22F4B /* Packages */,
				0DAB83A12C133BAB004F0DEF /* MELIApp */,
				0DAB83B82C133BAD004F0DEF /* MELIAppTests */,
				0DAB83C22C133BAD004F0DEF /* MELIAppUITests */,
				0DAB83A02C133BAB004F0DEF /* Products */,
				0D99FDD22C14B98A00B22F4B /* Frameworks */,
			);
			sourceTree = "<group>";
		};
		0DAB83A02C133BAB004F0DEF /* Products */ = {
			isa = PBXGroup;
			children = (
				0DAB839F2C133BAB004F0DEF /* MELIApp.app */,
				0DAB83B52C133BAD004F0DEF /* MELIAppTests.xctest */,
				0DAB83BF2C133BAD004F0DEF /* MELIAppUITests.xctest */,
			);
			name = Products;
			sourceTree = "<group>";
		};
		0DAB83A12C133BAB004F0DEF /* MELIApp */ = {
			isa = PBXGroup;
			children = (
				0DD8A4EB2C17FA6200BC7F38 /* LocationManager */,
				0D7862862C16A3D6000E7117 /* Assets */,
				0DAB83D82C134B49004F0DEF /* Extensions */,
				0DAB83D22C13494D004F0DEF /* Modules */,
				0DAB83A22C133BAB004F0DEF /* AppDelegate.swift */,
				0DAB83A42C133BAB004F0DEF /* SceneDelegate.swift */,
				0DAB83A62C133BAB004F0DEF /* ViewController.swift */,
				0DAB83A82C133BAB004F0DEF /* Main.storyboard */,
				0DAB83AB2C133BAC004F0DEF /* Assets.xcassets */,
				0DAB83AD2C133BAC004F0DEF /* LaunchScreen.storyboard */,
				0DAB83B02C133BAC004F0DEF /* Info.plist */,
			);
			path = MELIApp;
			sourceTree = "<group>";
		};
		0DAB83B82C133BAD004F0DEF /* MELIAppTests */ = {
			isa = PBXGroup;
			children = (
				0DD8A4D52C17D7FD00BC7F38 /* SelectCountry */,
				0DD8A4BB2C1767AC00BC7F38 /* ProductDetail */,
				0DD05E5D2C174563002BFF51 /* ProductList */,
			);
			path = MELIAppTests;
			sourceTree = "<group>";
		};
		0DAB83C22C133BAD004F0DEF /* MELIAppUITests */ = {
			isa = PBXGroup;
			children = (
				0DAB83C32C133BAD004F0DEF /* MELIAppUITests.swift */,
				0DAB83C52C133BAD004F0DEF /* MELIAppUITestsLaunchTests.swift */,
			);
			path = MELIAppUITests;
			sourceTree = "<group>";
		};
		0DAB83D22C13494D004F0DEF /* Modules */ = {
			isa = PBXGroup;
			children = (
				0DD8A4C42C17C81300BC7F38 /* SelectCountryList */,
				0DAB83D52C134978004F0DEF /* ProductDetail */,
				0DAB83D42C134963004F0DEF /* ProductList */,
			);
			path = Modules;
			sourceTree = "<group>";
		};
		0DAB83D42C134963004F0DEF /* ProductList */ = {
			isa = PBXGroup;
			children = (
				0D99FDDE2C153E3C00B22F4B /* Protocols */,
				0D99FDDB2C153DE200B22F4B /* Interactor */,
				0D99FDDA2C153DC500B22F4B /* Presenter */,
				0D99FDD92C153DB900B22F4B /* Router */,
				0DAB83DF2C135833004F0DEF /* View */,
			);
			path = ProductList;
			sourceTree = "<group>";
		};
		0DAB83D52C134978004F0DEF /* ProductDetail */ = {
			isa = PBXGroup;
			children = (
				0D99FDE72C1551B400B22F4B /* Protocols */,
				0D99FDE52C15518A00B22F4B /* Presenter */,
				0DAB83E82C137792004F0DEF /* View */,
				0DAB83E72C137789004F0DEF /* Router */,
			);
			path = ProductDetail;
			sourceTree = "<group>";
		};
		0DAB83D82C134B49004F0DEF /* Extensions */ = {
			isa = PBXGroup;
			children = (
				0DAB83D92C134B62004F0DEF /* UIView+Extensions.swift */,
				0DAB83E22C135A0E004F0DEF /* UIColor+Extension.swift */,
				0D99FDEA2C156F4500B22F4B /* UIImageView+Extension.swift */,
				0D99FDEF2C15E90E00B22F4B /* UITableView+Extension.swift */,
				0D99FDF12C15FB0A00B22F4B /* String+Extensions.swift */,
				0D99FDF32C15FD6600B22F4B /* Double+Extensions.swift */,
				0DD05E5B2C16B269002BFF51 /* UINavigationController+extension.swift */,
			);
			path = Extensions;
			sourceTree = "<group>";
		};
		0DAB83DF2C135833004F0DEF /* View */ = {
			isa = PBXGroup;
			children = (
				0D99FDEC2C15E83600B22F4B /* EmptyState */,
				0DAB83E42C136EF0004F0DEF /* Cell */,
				0DAB83E02C135845004F0DEF /* ProductListViewController.swift */,
			);
			path = View;
			sourceTree = "<group>";
		};
		0DAB83E42C136EF0004F0DEF /* Cell */ = {
			isa = PBXGroup;
			children = (
				0DAB83E52C136EFC004F0DEF /* ProductListTableViewCell.swift */,
			);
			path = Cell;
			sourceTree = "<group>";
		};
		0DAB83E72C137789004F0DEF /* Router */ = {
			isa = PBXGroup;
			children = (
				0D99FDF72C15FE2D00B22F4B /* ProductDetailRouter.swift */,
			);
			path = Router;
			sourceTree = "<group>";
		};
		0DAB83E82C137792004F0DEF /* View */ = {
			isa = PBXGroup;
			children = (
				0DAB83EC2C139C8E004F0DEF /* Header */,
				0DAB83EB2C139C88004F0DEF /* Cells */,
				0DAB83E92C13862E004F0DEF /* ProductDetailViewController.swift */,
			);
			path = View;
			sourceTree = "<group>";
		};
		0DAB83EB2C139C88004F0DEF /* Cells */ = {
			isa = PBXGroup;
			children = (
				0DAB83ED2C139CA2004F0DEF /* ProductDetailTableViewCell.swift */,
				0DAB83EF2C139CD3004F0DEF /* BulletPointTableViewCell.swift */,
			);
			path = Cells;
			sourceTree = "<group>";
		};
		0DAB83EC2C139C8E004F0DEF /* Header */ = {
			isa = PBXGroup;
			children = (
				0DAB83F12C139CFC004F0DEF /* SectionHeaderView.swift */,
			);
			path = Header;
			sourceTree = "<group>";
		};
		0DD05E5D2C174563002BFF51 /* ProductList */ = {
			isa = PBXGroup;
			children = (
				0DD05E692C1752D0002BFF51 /* Dummys */,
				0DD05E642C17527E002BFF51 /* Spys */,
				0DD05E632C175276002BFF51 /* Stubs */,
				0DD05E602C174593002BFF51 /* Interactor */,
				0DD05E5F2C174583002BFF51 /* Presenter */,
			);
			path = ProductList;
			sourceTree = "<group>";
		};
		0DD05E5F2C174583002BFF51 /* Presenter */ = {
			isa = PBXGroup;
			children = (
				0DD05E6C2C1753EE002BFF51 /* ProductListPresenterTests.swift */,
				0DD8A4B92C17639200BC7F38 /* ProductListPresenterIntegrationTests.swift */,
			);
			path = Presenter;
			sourceTree = "<group>";
		};
		0DD05E602C174593002BFF51 /* Interactor */ = {
			isa = PBXGroup;
			children = (
				0DD05E612C1745B7002BFF51 /* ProductListInteractorTests.swift */,
			);
			path = Interactor;
			sourceTree = "<group>";
		};
		0DD05E632C175276002BFF51 /* Stubs */ = {
			isa = PBXGroup;
			children = (
				0DD05E652C175294002BFF51 /* SearchProductsRepositoryStub.swift */,
				0DD05E6E2C175D80002BFF51 /* ProductListInteractorStub.swift */,
			);
			path = Stubs;
			sourceTree = "<group>";
		};
		0DD05E642C17527E002BFF51 /* Spys */ = {
			isa = PBXGroup;
			children = (
				0DD05E672C1752B6002BFF51 /* ProductListPresenterSpy.swift */,
				0DD05E702C175DC2002BFF51 /* ProductListViewSpy.swift */,
				0DD05E722C175F6D002BFF51 /* ProductListRouterSpy.swift */,
			);
			path = Spys;
			sourceTree = "<group>";
		};
		0DD05E692C1752D0002BFF51 /* Dummys */ = {
			isa = PBXGroup;
			children = (
				0DD05E6A2C1752FA002BFF51 /* ProductInformationDummy.swift */,
			);
			path = Dummys;
			sourceTree = "<group>";
		};
		0DD8A4BB2C1767AC00BC7F38 /* ProductDetail */ = {
			isa = PBXGroup;
			children = (
				0DD8A4BF2C176A0F00BC7F38 /* Spys */,
				0DD8A4BC2C1767BA00BC7F38 /* Presenter */,
			);
			path = ProductDetail;
			sourceTree = "<group>";
		};
		0DD8A4BC2C1767BA00BC7F38 /* Presenter */ = {
			isa = PBXGroup;
			children = (
				0DD8A4BD2C1767CF00BC7F38 /* ProductDetailPresenterTests.swift */,
			);
			path = Presenter;
			sourceTree = "<group>";
		};
		0DD8A4BF2C176A0F00BC7F38 /* Spys */ = {
			isa = PBXGroup;
			children = (
				0DD8A4C02C176A1B00BC7F38 /* ProductDetailViewSpy.swift */,
			);
			path = Spys;
			sourceTree = "<group>";
		};
		0DD8A4C42C17C81300BC7F38 /* SelectCountryList */ = {
			isa = PBXGroup;
			children = (
				0DD8A4CA2C17C86E00BC7F38 /* View */,
				0DD8A4C92C17C85400BC7F38 /* Router */,
				0DD8A4C82C17C84B00BC7F38 /* Interactor */,
				0DD8A4C62C17C83300BC7F38 /* Presenter */,
				0DD8A4C52C17C82700BC7F38 /* Protocols */,
			);
			path = SelectCountryList;
			sourceTree = "<group>";
		};
		0DD8A4C52C17C82700BC7F38 /* Protocols */ = {
			isa = PBXGroup;
			children = (
				0DD8A4CF2C17CC7600BC7F38 /* SelectCountryProtocols.swift */,
			);
			path = Protocols;
			sourceTree = "<group>";
		};
		0DD8A4C62C17C83300BC7F38 /* Presenter */ = {
			isa = PBXGroup;
			children = (
				0DD8A4D12C17CCB700BC7F38 /* SelectCountryPresenter.swift */,
			);
			path = Presenter;
			sourceTree = "<group>";
		};
		0DD8A4C82C17C84B00BC7F38 /* Interactor */ = {
			isa = PBXGroup;
			children = (
				0DD8A4CD2C17CC3000BC7F38 /* SelectCountryInteractor.swift */,
			);
			path = Interactor;
			sourceTree = "<group>";
		};
		0DD8A4C92C17C85400BC7F38 /* Router */ = {
			isa = PBXGroup;
			children = (
				0DD8A4D32C17CF7700BC7F38 /* SelectCountryRouter.swift */,
			);
			path = Router;
			sourceTree = "<group>";
		};
		0DD8A4CA2C17C86E00BC7F38 /* View */ = {
			isa = PBXGroup;
			children = (
				0DD8A4CB2C17C8B000BC7F38 /* SelectCountryViewController.swift */,
			);
			path = View;
			sourceTree = "<group>";
		};
		0DD8A4D52C17D7FD00BC7F38 /* SelectCountry */ = {
			isa = PBXGroup;
			children = (
				0DD8A4E02C17E08500BC7F38 /* Spys */,
				0DD8A4D92C17D82C00BC7F38 /* Presenter */,
				0DD8A4D82C17D82000BC7F38 /* Interactor */,
				0DD8A4D72C17D81900BC7F38 /* Stubs */,
				0DD8A4D62C17D81100BC7F38 /* Dummys */,
			);
			path = SelectCountry;
			sourceTree = "<group>";
		};
		0DD8A4D62C17D81100BC7F38 /* Dummys */ = {
			isa = PBXGroup;
			children = (
				0DD8A4DC2C17DC7900BC7F38 /* CountryDummy.swift */,
			);
			path = Dummys;
			sourceTree = "<group>";
		};
		0DD8A4D72C17D81900BC7F38 /* Stubs */ = {
			isa = PBXGroup;
			children = (
				0DD8A4DE2C17E06600BC7F38 /* CountryRepositoryStub.swift */,
				0DD8A4E32C17E12200BC7F38 /* SelectCountryInteractorStubs.swift */,
			);
			path = Stubs;
			sourceTree = "<group>";
		};
		0DD8A4D82C17D82000BC7F38 /* Interactor */ = {
			isa = PBXGroup;
			children = (
				0DD8A4DA2C17D85300BC7F38 /* SelectCountryInteractorTests.swift */,
			);
			path = Interactor;
			sourceTree = "<group>";
		};
		0DD8A4D92C17D82C00BC7F38 /* Presenter */ = {
			isa = PBXGroup;
			children = (
				0DD8A4E52C17E64E00BC7F38 /* SelectCountryPresenterTests.swift */,
			);
			path = Presenter;
			sourceTree = "<group>";
		};
		0DD8A4E02C17E08500BC7F38 /* Spys */ = {
			isa = PBXGroup;
			children = (
				0DD8A4E12C17E09100BC7F38 /* SelectCountryPresenterSpy.swift */,
				0DD8A4E72C17E69000BC7F38 /* SelectCountryRouterSpy.swift */,
				0DD8A4E92C17E6C400BC7F38 /* SelectCountryViewSpy.swift */,
			);
			path = Spys;
			sourceTree = "<group>";
		};
		0DD8A4EB2C17FA6200BC7F38 /* LocationManager */ = {
			isa = PBXGroup;
			children = (
				0DD8A4EC2C17FA7F00BC7F38 /* MELILocationManager.swift */,
			);
			path = LocationManager;
			sourceTree = "<group>";
		};
/* End PBXGroup section */

/* Begin PBXNativeTarget section */
		0DAB839E2C133BAB004F0DEF /* MELIApp */ = {
			isa = PBXNativeTarget;
			buildConfigurationList = 0DAB83C92C133BAD004F0DEF /* Build configuration list for PBXNativeTarget "MELIApp" */;
			buildPhases = (
				0DAB839B2C133BAB004F0DEF /* Sources */,
				0DAB839C2C133BAB004F0DEF /* Frameworks */,
				0DAB839D2C133BAB004F0DEF /* Resources */,
			);
			buildRules = (
			);
			dependencies = (
			);
			name = MELIApp;
			packageProductDependencies = (
				0D99FDD32C14B98A00B22F4B /* MELIAppData */,
				0D99FDD52C14B98E00B22F4B /* MELIAppDomain */,
			);
			productName = MELIApp;
			productReference = 0DAB839F2C133BAB004F0DEF /* MELIApp.app */;
			productType = "com.apple.product-type.application";
		};
		0DAB83B42C133BAD004F0DEF /* MELIAppTests */ = {
			isa = PBXNativeTarget;
			buildConfigurationList = 0DAB83CC2C133BAD004F0DEF /* Build configuration list for PBXNativeTarget "MELIAppTests" */;
			buildPhases = (
				0DAB83B12C133BAD004F0DEF /* Sources */,
				0DAB83B22C133BAD004F0DEF /* Frameworks */,
				0DAB83B32C133BAD004F0DEF /* Resources */,
			);
			buildRules = (
			);
			dependencies = (
				0DAB83B72C133BAD004F0DEF /* PBXTargetDependency */,
			);
			name = MELIAppTests;
			productName = MELIAppTests;
			productReference = 0DAB83B52C133BAD004F0DEF /* MELIAppTests.xctest */;
			productType = "com.apple.product-type.bundle.unit-test";
		};
		0DAB83BE2C133BAD004F0DEF /* MELIAppUITests */ = {
			isa = PBXNativeTarget;
			buildConfigurationList = 0DAB83CF2C133BAD004F0DEF /* Build configuration list for PBXNativeTarget "MELIAppUITests" */;
			buildPhases = (
				0DAB83BB2C133BAD004F0DEF /* Sources */,
				0DAB83BC2C133BAD004F0DEF /* Frameworks */,
				0DAB83BD2C133BAD004F0DEF /* Resources */,
			);
			buildRules = (
			);
			dependencies = (
				0DAB83C12C133BAD004F0DEF /* PBXTargetDependency */,
			);
			name = MELIAppUITests;
			productName = MELIAppUITests;
			productReference = 0DAB83BF2C133BAD004F0DEF /* MELIAppUITests.xctest */;
			productType = "com.apple.product-type.bundle.ui-testing";
		};
/* End PBXNativeTarget section */

/* Begin PBXProject section */
		0DAB83972C133BAB004F0DEF /* Project object */ = {
			isa = PBXProject;
			attributes = {
				BuildIndependentTargetsInParallel = 1;
				LastSwiftUpdateCheck = 1430;
				LastUpgradeCheck = 1430;
				TargetAttributes = {
					0DAB839E2C133BAB004F0DEF = {
						CreatedOnToolsVersion = 14.3;
					};
					0DAB83B42C133BAD004F0DEF = {
						CreatedOnToolsVersion = 14.3;
						TestTargetID = 0DAB839E2C133BAB004F0DEF;
					};
					0DAB83BE2C133BAD004F0DEF = {
						CreatedOnToolsVersion = 14.3;
						TestTargetID = 0DAB839E2C133BAB004F0DEF;
					};
				};
			};
			buildConfigurationList = 0DAB839A2C133BAB004F0DEF /* Build configuration list for PBXProject "MELIApp" */;
			compatibilityVersion = "Xcode 14.0";
			developmentRegion = en;
			hasScannedForEncodings = 0;
			knownRegions = (
				en,
				Base,
			);
			mainGroup = 0DAB83962C133BAB004F0DEF;
			productRefGroup = 0DAB83A02C133BAB004F0DEF /* Products */;
			projectDirPath = "";
			projectRoot = "";
			targets = (
				0DAB839E2C133BAB004F0DEF /* MELIApp */,
				0DAB83B42C133BAD004F0DEF /* MELIAppTests */,
				0DAB83BE2C133BAD004F0DEF /* MELIAppUITests */,
			);
		};
/* End PBXProject section */

/* Begin PBXResourcesBuildPhase section */
		0DAB839D2C133BAB004F0DEF /* Resources */ = {
			isa = PBXResourcesBuildPhase;
			buildActionMask = 2147483647;
			files = (
				0DAB83AF2C133BAC004F0DEF /* LaunchScreen.storyboard in Resources */,
				0DAB83AC2C133BAC004F0DEF /* Assets.xcassets in Resources */,
				0D7862882C16A3ED000E7117 /* Localizable.strings in Resources */,
				0DAB83AA2C133BAB004F0DEF /* Main.storyboard in Resources */,
			);
			runOnlyForDeploymentPostprocessing = 0;
		};
		0DAB83B32C133BAD004F0DEF /* Resources */ = {
			isa = PBXResourcesBuildPhase;
			buildActionMask = 2147483647;
			files = (
			);
			runOnlyForDeploymentPostprocessing = 0;
		};
		0DAB83BD2C133BAD004F0DEF /* Resources */ = {
			isa = PBXResourcesBuildPhase;
			buildActionMask = 2147483647;
			files = (
			);
			runOnlyForDeploymentPostprocessing = 0;
		};
/* End PBXResourcesBuildPhase section */

/* Begin PBXSourcesBuildPhase section */
		0DAB839B2C133BAB004F0DEF /* Sources */ = {
			isa = PBXSourcesBuildPhase;
			buildActionMask = 2147483647;
			files = (
				0DAB83A72C133BAB004F0DEF /* ViewController.swift in Sources */,
				0DD8A4D22C17CCB700BC7F38 /* SelectCountryPresenter.swift in Sources */,
				0D99FDF22C15FB0A00B22F4B /* String+Extensions.swift in Sources */,
				0DAB83A32C133BAB004F0DEF /* AppDelegate.swift in Sources */,
				0D99FDF02C15E90E00B22F4B /* UITableView+Extension.swift in Sources */,
				0DD8A4D42C17CF7700BC7F38 /* SelectCountryRouter.swift in Sources */,
				0DD8A4D02C17CC7600BC7F38 /* SelectCountryProtocols.swift in Sources */,
				0D99FDEE2C15E84900B22F4B /* EmptyStateView.swift in Sources */,
				0DD05E5C2C16B269002BFF51 /* UINavigationController+extension.swift in Sources */,
				0DD8A4CC2C17C8B000BC7F38 /* SelectCountryViewController.swift in Sources */,
				0DAB83F22C139CFC004F0DEF /* SectionHeaderView.swift in Sources */,
				0D99FDE42C15482900B22F4B /* ProductListRouter.swift in Sources */,
				0D99FDE92C1552D400B22F4B /* ProductDetailProtocols.swift in Sources */,
				0DAB83E12C135845004F0DEF /* ProductListViewController.swift in Sources */,
				0DAB83DA2C134B62004F0DEF /* UIView+Extensions.swift in Sources */,
				0DAB83A52C133BAB004F0DEF /* SceneDelegate.swift in Sources */,
				0DAB83EE2C139CA2004F0DEF /* ProductDetailTableViewCell.swift in Sources */,
				0DD05E5A2C16A6C0002BFF51 /* LocalizableString.swift in Sources */,
				0D99FDDD2C153E2F00B22F4B /* ProductListInteractor.swift in Sources */,
				0D99FDE22C1542C300B22F4B /* ProductListPresenter.swift in Sources */,
				0DAB83EA2C13862E004F0DEF /* ProductDetailViewController.swift in Sources */,
				0DD8A4ED2C17FA7F00BC7F38 /* MELILocationManager.swift in Sources */,
				0DAB83E62C136EFC004F0DEF /* ProductListTableViewCell.swift in Sources */,
				0DD8A4CE2C17CC3000BC7F38 /* SelectCountryInteractor.swift in Sources */,
				0D99FDF82C15FE2D00B22F4B /* ProductDetailRouter.swift in Sources */,
				0DAB83F02C139CD3004F0DEF /* BulletPointTableViewCell.swift in Sources */,
				0D99FDEB2C156F4500B22F4B /* UIImageView+Extension.swift in Sources */,
				0D99FDE02C153E5500B22F4B /* ProductListProtocols.swift in Sources */,
				0D99FDF42C15FD6600B22F4B /* Double+Extensions.swift in Sources */,
				0D99FDF62C15FE1400B22F4B /* ProductDetailPresenter.swift in Sources */,
				0DAB83E32C135A0E004F0DEF /* UIColor+Extension.swift in Sources */,
			);
			runOnlyForDeploymentPostprocessing = 0;
		};
		0DAB83B12C133BAD004F0DEF /* Sources */ = {
			isa = PBXSourcesBuildPhase;
			buildActionMask = 2147483647;
			files = (
				0DD05E622C1745B7002BFF51 /* ProductListInteractorTests.swift in Sources */,
				0DD8A4EA2C17E6C400BC7F38 /* SelectCountryViewSpy.swift in Sources */,
				0DD8A4DD2C17DC7900BC7F38 /* CountryDummy.swift in Sources */,
				0DD8A4DF2C17E06600BC7F38 /* CountryRepositoryStub.swift in Sources */,
				0DD8A4E62C17E64E00BC7F38 /* SelectCountryPresenterTests.swift in Sources */,
				0DD8A4E82C17E69000BC7F38 /* SelectCountryRouterSpy.swift in Sources */,
				0DD05E682C1752B6002BFF51 /* ProductListPresenterSpy.swift in Sources */,
				0DD05E6D2C1753EE002BFF51 /* ProductListPresenterTests.swift in Sources */,
				0DD8A4BA2C17639200BC7F38 /* ProductListPresenterIntegrationTests.swift in Sources */,
				0DD8A4C12C176A1B00BC7F38 /* ProductDetailViewSpy.swift in Sources */,
				0DD8A4E42C17E12200BC7F38 /* SelectCountryInteractorStubs.swift in Sources */,
				0DD05E732C175F6D002BFF51 /* ProductListRouterSpy.swift in Sources */,
				0DD8A4BE2C1767CF00BC7F38 /* ProductDetailPresenterTests.swift in Sources */,
				0DD8A4DB2C17D85300BC7F38 /* SelectCountryInteractorTests.swift in Sources */,
				0DD05E6F2C175D80002BFF51 /* ProductListInteractorStub.swift in Sources */,
				0DD05E662C175294002BFF51 /* SearchProductsRepositoryStub.swift in Sources */,
				0DD8A4E22C17E09100BC7F38 /* SelectCountryPresenterSpy.swift in Sources */,
				0DD05E6B2C1752FA002BFF51 /* ProductInformationDummy.swift in Sources */,
				0DD05E712C175DC2002BFF51 /* ProductListViewSpy.swift in Sources */,
			);
			runOnlyForDeploymentPostprocessing = 0;
		};
		0DAB83BB2C133BAD004F0DEF /* Sources */ = {
			isa = PBXSourcesBuildPhase;
			buildActionMask = 2147483647;
			files = (
				0DAB83C42C133BAD004F0DEF /* MELIAppUITests.swift in Sources */,
				0DAB83C62C133BAD004F0DEF /* MELIAppUITestsLaunchTests.swift in Sources */,
			);
			runOnlyForDeploymentPostprocessing = 0;
		};
/* End PBXSourcesBuildPhase section */

/* Begin PBXTargetDependency section */
		0DAB83B72C133BAD004F0DEF /* PBXTargetDependency */ = {
			isa = PBXTargetDependency;
			target = 0DAB839E2C133BAB004F0DEF /* MELIApp */;
			targetProxy = 0DAB83B62C133BAD004F0DEF /* PBXContainerItemProxy */;
		};
		0DAB83C12C133BAD004F0DEF /* PBXTargetDependency */ = {
			isa = PBXTargetDependency;
			target = 0DAB839E2C133BAB004F0DEF /* MELIApp */;
			targetProxy = 0DAB83C02C133BAD004F0DEF /* PBXContainerItemProxy */;
		};
/* End PBXTargetDependency section */

/* Begin PBXVariantGroup section */
		0DAB83A82C133BAB004F0DEF /* Main.storyboard */ = {
			isa = PBXVariantGroup;
			children = (
				0DAB83A92C133BAB004F0DEF /* Base */,
			);
			name = Main.storyboard;
			sourceTree = "<group>";
		};
		0DAB83AD2C133BAC004F0DEF /* LaunchScreen.storyboard */ = {
			isa = PBXVariantGroup;
			children = (
				0DAB83AE2C133BAC004F0DEF /* Base */,
			);
			name = LaunchScreen.storyboard;
			sourceTree = "<group>";
		};
/* End PBXVariantGroup section */

/* Begin XCBuildConfiguration section */
		0DAB83C72C133BAD004F0DEF /* Debug */ = {
			isa = XCBuildConfiguration;
			buildSettings = {
				ALWAYS_SEARCH_USER_PATHS = NO;
				CLANG_ANALYZER_NONNULL = YES;
				CLANG_ANALYZER_NUMBER_OBJECT_CONVERSION = YES_AGGRESSIVE;
				CLANG_CXX_LANGUAGE_STANDARD = "gnu++20";
				CLANG_ENABLE_MODULES = YES;
				CLANG_ENABLE_OBJC_ARC = YES;
				CLANG_ENABLE_OBJC_WEAK = YES;
				CLANG_WARN_BLOCK_CAPTURE_AUTORELEASING = YES;
				CLANG_WARN_BOOL_CONVERSION = YES;
				CLANG_WARN_COMMA = YES;
				CLANG_WARN_CONSTANT_CONVERSION = YES;
				CLANG_WARN_DEPRECATED_OBJC_IMPLEMENTATIONS = YES;
				CLANG_WARN_DIRECT_OBJC_ISA_USAGE = YES_ERROR;
				CLANG_WARN_DOCUMENTATION_COMMENTS = YES;
				CLANG_WARN_EMPTY_BODY = YES;
				CLANG_WARN_ENUM_CONVERSION = YES;
				CLANG_WARN_INFINITE_RECURSION = YES;
				CLANG_WARN_INT_CONVERSION = YES;
				CLANG_WARN_NON_LITERAL_NULL_CONVERSION = YES;
				CLANG_WARN_OBJC_IMPLICIT_RETAIN_SELF = YES;
				CLANG_WARN_OBJC_LITERAL_CONVERSION = YES;
				CLANG_WARN_OBJC_ROOT_CLASS = YES_ERROR;
				CLANG_WARN_QUOTED_INCLUDE_IN_FRAMEWORK_HEADER = YES;
				CLANG_WARN_RANGE_LOOP_ANALYSIS = YES;
				CLANG_WARN_STRICT_PROTOTYPES = YES;
				CLANG_WARN_SUSPICIOUS_MOVE = YES;
				CLANG_WARN_UNGUARDED_AVAILABILITY = YES_AGGRESSIVE;
				CLANG_WARN_UNREACHABLE_CODE = YES;
				CLANG_WARN__DUPLICATE_METHOD_MATCH = YES;
				COPY_PHASE_STRIP = NO;
				DEBUG_INFORMATION_FORMAT = dwarf;
				ENABLE_STRICT_OBJC_MSGSEND = YES;
				ENABLE_TESTABILITY = YES;
				GCC_C_LANGUAGE_STANDARD = gnu11;
				GCC_DYNAMIC_NO_PIC = NO;
				GCC_NO_COMMON_BLOCKS = YES;
				GCC_OPTIMIZATION_LEVEL = 0;
				GCC_PREPROCESSOR_DEFINITIONS = (
					"DEBUG=1",
					"$(inherited)",
				);
				GCC_WARN_64_TO_32_BIT_CONVERSION = YES;
				GCC_WARN_ABOUT_RETURN_TYPE = YES_ERROR;
				GCC_WARN_UNDECLARED_SELECTOR = YES;
				GCC_WARN_UNINITIALIZED_AUTOS = YES_AGGRESSIVE;
				GCC_WARN_UNUSED_FUNCTION = YES;
				GCC_WARN_UNUSED_VARIABLE = YES;
				IPHONEOS_DEPLOYMENT_TARGET = 16.4;
				MTL_ENABLE_DEBUG_INFO = INCLUDE_SOURCE;
				MTL_FAST_MATH = YES;
				ONLY_ACTIVE_ARCH = YES;
				SDKROOT = iphoneos;
				SWIFT_ACTIVE_COMPILATION_CONDITIONS = DEBUG;
				SWIFT_OPTIMIZATION_LEVEL = "-Onone";
			};
			name = Debug;
		};
		0DAB83C82C133BAD004F0DEF /* Release */ = {
			isa = XCBuildConfiguration;
			buildSettings = {
				ALWAYS_SEARCH_USER_PATHS = NO;
				CLANG_ANALYZER_NONNULL = YES;
				CLANG_ANALYZER_NUMBER_OBJECT_CONVERSION = YES_AGGRESSIVE;
				CLANG_CXX_LANGUAGE_STANDARD = "gnu++20";
				CLANG_ENABLE_MODULES = YES;
				CLANG_ENABLE_OBJC_ARC = YES;
				CLANG_ENABLE_OBJC_WEAK = YES;
				CLANG_WARN_BLOCK_CAPTURE_AUTORELEASING = YES;
				CLANG_WARN_BOOL_CONVERSION = YES;
				CLANG_WARN_COMMA = YES;
				CLANG_WARN_CONSTANT_CONVERSION = YES;
				CLANG_WARN_DEPRECATED_OBJC_IMPLEMENTATIONS = YES;
				CLANG_WARN_DIRECT_OBJC_ISA_USAGE = YES_ERROR;
				CLANG_WARN_DOCUMENTATION_COMMENTS = YES;
				CLANG_WARN_EMPTY_BODY = YES;
				CLANG_WARN_ENUM_CONVERSION = YES;
				CLANG_WARN_INFINITE_RECURSION = YES;
				CLANG_WARN_INT_CONVERSION = YES;
				CLANG_WARN_NON_LITERAL_NULL_CONVERSION = YES;
				CLANG_WARN_OBJC_IMPLICIT_RETAIN_SELF = YES;
				CLANG_WARN_OBJC_LITERAL_CONVERSION = YES;
				CLANG_WARN_OBJC_ROOT_CLASS = YES_ERROR;
				CLANG_WARN_QUOTED_INCLUDE_IN_FRAMEWORK_HEADER = YES;
				CLANG_WARN_RANGE_LOOP_ANALYSIS = YES;
				CLANG_WARN_STRICT_PROTOTYPES = YES;
				CLANG_WARN_SUSPICIOUS_MOVE = YES;
				CLANG_WARN_UNGUARDED_AVAILABILITY = YES_AGGRESSIVE;
				CLANG_WARN_UNREACHABLE_CODE = YES;
				CLANG_WARN__DUPLICATE_METHOD_MATCH = YES;
				COPY_PHASE_STRIP = NO;
				DEBUG_INFORMATION_FORMAT = "dwarf-with-dsym";
				ENABLE_NS_ASSERTIONS = NO;
				ENABLE_STRICT_OBJC_MSGSEND = YES;
				GCC_C_LANGUAGE_STANDARD = gnu11;
				GCC_NO_COMMON_BLOCKS = YES;
				GCC_WARN_64_TO_32_BIT_CONVERSION = YES;
				GCC_WARN_ABOUT_RETURN_TYPE = YES_ERROR;
				GCC_WARN_UNDECLARED_SELECTOR = YES;
				GCC_WARN_UNINITIALIZED_AUTOS = YES_AGGRESSIVE;
				GCC_WARN_UNUSED_FUNCTION = YES;
				GCC_WARN_UNUSED_VARIABLE = YES;
				IPHONEOS_DEPLOYMENT_TARGET = 16.4;
				MTL_ENABLE_DEBUG_INFO = NO;
				MTL_FAST_MATH = YES;
				SDKROOT = iphoneos;
				SWIFT_COMPILATION_MODE = wholemodule;
				SWIFT_OPTIMIZATION_LEVEL = "-O";
				VALIDATE_PRODUCT = YES;
			};
			name = Release;
		};
		0DAB83CA2C133BAD004F0DEF /* Debug */ = {
			isa = XCBuildConfiguration;
			buildSettings = {
				ASSETCATALOG_COMPILER_APPICON_NAME = AppIcon;
				ASSETCATALOG_COMPILER_GLOBAL_ACCENT_COLOR_NAME = AccentColor;
				CODE_SIGN_STYLE = Automatic;
				CURRENT_PROJECT_VERSION = 1;
				DEVELOPMENT_TEAM = 2J5WZM9F6M;
				GENERATE_INFOPLIST_FILE = YES;
				INFOPLIST_FILE = MELIApp/Info.plist;
				INFOPLIST_KEY_UIApplicationSupportsIndirectInputEvents = YES;
				INFOPLIST_KEY_UILaunchStoryboardName = LaunchScreen;
				INFOPLIST_KEY_UIMainStoryboardFile = Main;
				INFOPLIST_KEY_UISupportedInterfaceOrientations_iPad = "UIInterfaceOrientationPortrait UIInterfaceOrientationPortraitUpsideDown UIInterfaceOrientationLandscapeLeft UIInterfaceOrientationLandscapeRight";
				INFOPLIST_KEY_UISupportedInterfaceOrientations_iPhone = "UIInterfaceOrientationPortrait UIInterfaceOrientationLandscapeLeft UIInterfaceOrientationLandscapeRight";
				IPHONEOS_DEPLOYMENT_TARGET = 14.0;
				LD_RUNPATH_SEARCH_PATHS = (
					"$(inherited)",
					"@executable_path/Frameworks",
				);
				MARKETING_VERSION = 1.0;
				PRODUCT_BUNDLE_IDENTIFIER = co.com.jorgeLuis.MELIApp;
				PRODUCT_NAME = "$(TARGET_NAME)";
				SWIFT_EMIT_LOC_STRINGS = YES;
				SWIFT_VERSION = 5.0;
				TARGETED_DEVICE_FAMILY = "1,2";
			};
			name = Debug;
		};
		0DAB83CB2C133BAD004F0DEF /* Release */ = {
			isa = XCBuildConfiguration;
			buildSettings = {
				ASSETCATALOG_COMPILER_APPICON_NAME = AppIcon;
				ASSETCATALOG_COMPILER_GLOBAL_ACCENT_COLOR_NAME = AccentColor;
				CODE_SIGN_STYLE = Automatic;
				CURRENT_PROJECT_VERSION = 1;
				DEVELOPMENT_TEAM = 2J5WZM9F6M;
				GENERATE_INFOPLIST_FILE = YES;
				INFOPLIST_FILE = MELIApp/Info.plist;
				INFOPLIST_KEY_UIApplicationSupportsIndirectInputEvents = YES;
				INFOPLIST_KEY_UILaunchStoryboardName = LaunchScreen;
				INFOPLIST_KEY_UIMainStoryboardFile = Main;
				INFOPLIST_KEY_UISupportedInterfaceOrientations_iPad = "UIInterfaceOrientationPortrait UIInterfaceOrientationPortraitUpsideDown UIInterfaceOrientationLandscapeLeft UIInterfaceOrientationLandscapeRight";
				INFOPLIST_KEY_UISupportedInterfaceOrientations_iPhone = "UIInterfaceOrientationPortrait UIInterfaceOrientationLandscapeLeft UIInterfaceOrientationLandscapeRight";
				IPHONEOS_DEPLOYMENT_TARGET = 14.0;
				LD_RUNPATH_SEARCH_PATHS = (
					"$(inherited)",
					"@executable_path/Frameworks",
				);
				MARKETING_VERSION = 1.0;
				PRODUCT_BUNDLE_IDENTIFIER = co.com.jorgeLuis.MELIApp;
				PRODUCT_NAME = "$(TARGET_NAME)";
				SWIFT_EMIT_LOC_STRINGS = YES;
				SWIFT_VERSION = 5.0;
				TARGETED_DEVICE_FAMILY = "1,2";
			};
			name = Release;
		};
		0DAB83CD2C133BAD004F0DEF /* Debug */ = {
			isa = XCBuildConfiguration;
			buildSettings = {
				ALWAYS_EMBED_SWIFT_STANDARD_LIBRARIES = YES;
				BUNDLE_LOADER = "$(TEST_HOST)";
				CODE_SIGN_STYLE = Automatic;
				CURRENT_PROJECT_VERSION = 1;
				DEVELOPMENT_TEAM = 2J5WZM9F6M;
				GENERATE_INFOPLIST_FILE = YES;
				IPHONEOS_DEPLOYMENT_TARGET = 16.4;
				MARKETING_VERSION = 1.0;
				PRODUCT_BUNDLE_IDENTIFIER = co.com.jorgeLuis.MELIAppTests;
				PRODUCT_NAME = "$(TARGET_NAME)";
				SWIFT_EMIT_LOC_STRINGS = NO;
				SWIFT_VERSION = 5.0;
				TARGETED_DEVICE_FAMILY = "1,2";
				TEST_HOST = "$(BUILT_PRODUCTS_DIR)/MELIApp.app/$(BUNDLE_EXECUTABLE_FOLDER_PATH)/MELIApp";
			};
			name = Debug;
		};
		0DAB83CE2C133BAD004F0DEF /* Release */ = {
			isa = XCBuildConfiguration;
			buildSettings = {
				ALWAYS_EMBED_SWIFT_STANDARD_LIBRARIES = YES;
				BUNDLE_LOADER = "$(TEST_HOST)";
				CODE_SIGN_STYLE = Automatic;
				CURRENT_PROJECT_VERSION = 1;
				DEVELOPMENT_TEAM = 2J5WZM9F6M;
				GENERATE_INFOPLIST_FILE = YES;
				IPHONEOS_DEPLOYMENT_TARGET = 16.4;
				MARKETING_VERSION = 1.0;
				PRODUCT_BUNDLE_IDENTIFIER = co.com.jorgeLuis.MELIAppTests;
				PRODUCT_NAME = "$(TARGET_NAME)";
				SWIFT_EMIT_LOC_STRINGS = NO;
				SWIFT_VERSION = 5.0;
				TARGETED_DEVICE_FAMILY = "1,2";
				TEST_HOST = "$(BUILT_PRODUCTS_DIR)/MELIApp.app/$(BUNDLE_EXECUTABLE_FOLDER_PATH)/MELIApp";
			};
			name = Release;
		};
		0DAB83D02C133BAD004F0DEF /* Debug */ = {
			isa = XCBuildConfiguration;
			buildSettings = {
				ALWAYS_EMBED_SWIFT_STANDARD_LIBRARIES = YES;
				CODE_SIGN_STYLE = Automatic;
				CURRENT_PROJECT_VERSION = 1;
				DEVELOPMENT_TEAM = 2J5WZM9F6M;
				GENERATE_INFOPLIST_FILE = YES;
				MARKETING_VERSION = 1.0;
				PRODUCT_BUNDLE_IDENTIFIER = co.com.jorgeLuis.MELIAppUITests;
				PRODUCT_NAME = "$(TARGET_NAME)";
				SWIFT_EMIT_LOC_STRINGS = NO;
				SWIFT_VERSION = 5.0;
				TARGETED_DEVICE_FAMILY = "1,2";
				TEST_TARGET_NAME = MELIApp;
			};
			name = Debug;
		};
		0DAB83D12C133BAD004F0DEF /* Release */ = {
			isa = XCBuildConfiguration;
			buildSettings = {
				ALWAYS_EMBED_SWIFT_STANDARD_LIBRARIES = YES;
				CODE_SIGN_STYLE = Automatic;
				CURRENT_PROJECT_VERSION = 1;
				DEVELOPMENT_TEAM = 2J5WZM9F6M;
				GENERATE_INFOPLIST_FILE = YES;
				MARKETING_VERSION = 1.0;
				PRODUCT_BUNDLE_IDENTIFIER = co.com.jorgeLuis.MELIAppUITests;
				PRODUCT_NAME = "$(TARGET_NAME)";
				SWIFT_EMIT_LOC_STRINGS = NO;
				SWIFT_VERSION = 5.0;
				TARGETED_DEVICE_FAMILY = "1,2";
				TEST_TARGET_NAME = MELIApp;
			};
			name = Release;
		};
/* End XCBuildConfiguration section */

/* Begin XCConfigurationList section */
		0DAB839A2C133BAB004F0DEF /* Build configuration list for PBXProject "MELIApp" */ = {
			isa = XCConfigurationList;
			buildConfigurations = (
				0DAB83C72C133BAD004F0DEF /* Debug */,
				0DAB83C82C133BAD004F0DEF /* Release */,
			);
			defaultConfigurationIsVisible = 0;
			defaultConfigurationName = Release;
		};
		0DAB83C92C133BAD004F0DEF /* Build configuration list for PBXNativeTarget "MELIApp" */ = {
			isa = XCConfigurationList;
			buildConfigurations = (
				0DAB83CA2C133BAD004F0DEF /* Debug */,
				0DAB83CB2C133BAD004F0DEF /* Release */,
			);
			defaultConfigurationIsVisible = 0;
			defaultConfigurationName = Release;
		};
		0DAB83CC2C133BAD004F0DEF /* Build configuration list for PBXNativeTarget "MELIAppTests" */ = {
			isa = XCConfigurationList;
			buildConfigurations = (
				0DAB83CD2C133BAD004F0DEF /* Debug */,
				0DAB83CE2C133BAD004F0DEF /* Release */,
			);
			defaultConfigurationIsVisible = 0;
			defaultConfigurationName = Release;
		};
		0DAB83CF2C133BAD004F0DEF /* Build configuration list for PBXNativeTarget "MELIAppUITests" */ = {
			isa = XCConfigurationList;
			buildConfigurations = (
				0DAB83D02C133BAD004F0DEF /* Debug */,
				0DAB83D12C133BAD004F0DEF /* Release */,
			);
			defaultConfigurationIsVisible = 0;
			defaultConfigurationName = Release;
		};
/* End XCConfigurationList section */

/* Begin XCSwiftPackageProductDependency section */
		0D99FDD32C14B98A00B22F4B /* MELIAppData */ = {
			isa = XCSwiftPackageProductDependency;
			productName = MELIAppData;
		};
		0D99FDD52C14B98E00B22F4B /* MELIAppDomain */ = {
			isa = XCSwiftPackageProductDependency;
			productName = MELIAppDomain;
		};
/* End XCSwiftPackageProductDependency section */
	};
	rootObject = 0DAB83972C133BAB004F0DEF /* Project object */;
}
